
Microsoft Visual Studio Solution File, Format Version 12.00
# Visual Studio Version 16
VisualStudioVersion = 16.0.30804.86
MinimumVisualStudioVersion = 10.0.40219.1
Project("{FAE04EC0-301F-11D3-BF4B-00C04F79EFBC}") = "EstruturaFOR", "EstruturaFOR\EstruturaFOR.csproj", "{6B2390CA-6747-4267-8387-ED081526C8DA}"
EndProject
Global
	GlobalSection(SolutionConfigurationPlatforms) = preSolution
		Debug|Any CPU = Debug|Any CPU
		Release|Any CPU = Release|Any CPU
	EndGlobalSection
	GlobalSection(ProjectConfigurationPlatforms) = postSolution
		{6B2390CA-6747-4267-8387-ED081526C8DA}.Debug|Any CPU.ActiveCfg = Debug|Any CPU
		{6B2390CA-6747-4267-8387-ED081526C8DA}.Debug|Any CPU.Build.0 = Debug|Any CPU
		{6B2390CA-6747-4267-8387-ED081526C8DA}.Release|Any CPU.ActiveCfg = Release|Any CPU
		{6B2390CA-6747-4267-8387-ED081526C8DA}.Release|Any CPU.Build.0 = Release|Any CPU
	EndGlobalSection
	GlobalSection(SolutionProperties) = preSolution
		HideSolutionNode = FALSE
	EndGlobalSection
	GlobalSection(ExtensibilityGlobals) = postSolution
		SolutionGuid = {2DF36829-AEB3-449C-B063-E72EC7245F49}
	EndGlobalSection
EndGlobal
