
Microsoft Visual Studio Solution File, Format Version 12.00
# Visual Studio Version 16
VisualStudioVersion = 16.0.30804.86
MinimumVisualStudioVersion = 10.0.40219.1
Project("{FAE04EC0-301F-11D3-BF4B-00C04F79EFBC}") = "OperadoresLogicos", "RecapitulacaoLogicaProgramacao\OperadoresLogicos.csproj", "{B58AB5CB-4E57-43D5-80B0-80FD10B83FF6}"
EndProject
Global
	GlobalSection(SolutionConfigurationPlatforms) = preSolution
		Debug|Any CPU = Debug|Any CPU
		Release|Any CPU = Release|Any CPU
	EndGlobalSection
	GlobalSection(ProjectConfigurationPlatforms) = postSolution
		{B58AB5CB-4E57-43D5-80B0-80FD10B83FF6}.Debug|Any CPU.ActiveCfg = Debug|Any CPU
		{B58AB5CB-4E57-43D5-80B0-80FD10B83FF6}.Debug|Any CPU.Build.0 = Debug|Any CPU
		{B58AB5CB-4E57-43D5-80B0-80FD10B83FF6}.Release|Any CPU.ActiveCfg = Release|Any CPU
		{B58AB5CB-4E57-43D5-80B0-80FD10B83FF6}.Release|Any CPU.Build.0 = Release|Any CPU
	EndGlobalSection
	GlobalSection(SolutionProperties) = preSolution
		HideSolutionNode = FALSE
	EndGlobalSection
	GlobalSection(ExtensibilityGlobals) = postSolution
		SolutionGuid = {D4D0119B-B5DB-4E43-963A-303F0BE82077}
	EndGlobalSection
EndGlobal
